
Microsoft Visual Studio Solution File, Format Version 12.00
# Visual Studio Version 17
VisualStudioVersion = 17.3.32929.385
MinimumVisualStudioVersion = 10.0.40219.1
Project("{FAE04EC0-301F-11D3-BF4B-00C04F79EFBC}") = "ejercicio28", "ejercicio28\ejercicio28.csproj", "{C4AC1FC6-546F-4785-9D0A-B78168D0483A}"
EndProject
Global
	GlobalSection(SolutionConfigurationPlatforms) = preSolution
		Debug|Any CPU = Debug|Any CPU
		Release|Any CPU = Release|Any CPU
	EndGlobalSection
	GlobalSection(ProjectConfigurationPlatforms) = postSolution
		{C4AC1FC6-546F-4785-9D0A-B78168D0483A}.Debug|Any CPU.ActiveCfg = Debug|Any CPU
		{C4AC1FC6-546F-4785-9D0A-B78168D0483A}.Debug|Any CPU.Build.0 = Debug|Any CPU
		{C4AC1FC6-546F-4785-9D0A-B78168D0483A}.Release|Any CPU.ActiveCfg = Release|Any CPU
		{C4AC1FC6-546F-4785-9D0A-B78168D0483A}.Release|Any CPU.Build.0 = Release|Any CPU
	EndGlobalSection
	GlobalSection(SolutionProperties) = preSolution
		HideSolutionNode = FALSE
	EndGlobalSection
	GlobalSection(ExtensibilityGlobals) = postSolution
		SolutionGuid = {73F0E1B4-0A3E-4352-9200-2D23A90F89BC}
	EndGlobalSection
EndGlobal
