
Microsoft Visual Studio Solution File, Format Version 12.00
# Visual Studio Version 17
VisualStudioVersion = 17.3.32929.385
MinimumVisualStudioVersion = 10.0.40219.1
Project("{FAE04EC0-301F-11D3-BF4B-00C04F79EFBC}") = "ahorcado", "ahorcado\ahorcado.csproj", "{DB678B40-D4F8-49A0-8727-C063F9980774}"
EndProject
Global
	GlobalSection(SolutionConfigurationPlatforms) = preSolution
		Debug|Any CPU = Debug|Any CPU
		Release|Any CPU = Release|Any CPU
	EndGlobalSection
	GlobalSection(ProjectConfigurationPlatforms) = postSolution
		{DB678B40-D4F8-49A0-8727-C063F9980774}.Debug|Any CPU.ActiveCfg = Debug|Any CPU
		{DB678B40-D4F8-49A0-8727-C063F9980774}.Debug|Any CPU.Build.0 = Debug|Any CPU
		{DB678B40-D4F8-49A0-8727-C063F9980774}.Release|Any CPU.ActiveCfg = Release|Any CPU
		{DB678B40-D4F8-49A0-8727-C063F9980774}.Release|Any CPU.Build.0 = Release|Any CPU
	EndGlobalSection
	GlobalSection(SolutionProperties) = preSolution
		HideSolutionNode = FALSE
	EndGlobalSection
	GlobalSection(ExtensibilityGlobals) = postSolution
		SolutionGuid = {48A1D28C-346E-42FB-B64A-B3222EC167C3}
	EndGlobalSection
EndGlobal
