
Microsoft Visual Studio Solution File, Format Version 12.00
# Visual Studio Version 17
VisualStudioVersion = 17.3.32929.385
MinimumVisualStudioVersion = 10.0.40219.1
Project("{FAE04EC0-301F-11D3-BF4B-00C04F79EFBC}") = "ejercicio23", "ejercicio23\ejercicio23.csproj", "{2CC958D7-7E3A-43A0-85A1-5F1CB2E53B49}"
EndProject
Global
	GlobalSection(SolutionConfigurationPlatforms) = preSolution
		Debug|Any CPU = Debug|Any CPU
		Release|Any CPU = Release|Any CPU
	EndGlobalSection
	GlobalSection(ProjectConfigurationPlatforms) = postSolution
		{2CC958D7-7E3A-43A0-85A1-5F1CB2E53B49}.Debug|Any CPU.ActiveCfg = Debug|Any CPU
		{2CC958D7-7E3A-43A0-85A1-5F1CB2E53B49}.Debug|Any CPU.Build.0 = Debug|Any CPU
		{2CC958D7-7E3A-43A0-85A1-5F1CB2E53B49}.Release|Any CPU.ActiveCfg = Release|Any CPU
		{2CC958D7-7E3A-43A0-85A1-5F1CB2E53B49}.Release|Any CPU.Build.0 = Release|Any CPU
	EndGlobalSection
	GlobalSection(SolutionProperties) = preSolution
		HideSolutionNode = FALSE
	EndGlobalSection
	GlobalSection(ExtensibilityGlobals) = postSolution
		SolutionGuid = {A7CA1414-4AFC-4E7F-BD89-129E9FE13BBE}
	EndGlobalSection
EndGlobal
