
Microsoft Visual Studio Solution File, Format Version 12.00
# Visual Studio Version 17
VisualStudioVersion = 17.3.32922.545
MinimumVisualStudioVersion = 10.0.40219.1
Project("{FAE04EC0-301F-11D3-BF4B-00C04F79EFBC}") = "ejercicio8", "ejercicio8\ejercicio8.csproj", "{4EDD82E2-6B2A-4C98-B202-0D1300B95068}"
EndProject
Global
	GlobalSection(SolutionConfigurationPlatforms) = preSolution
		Debug|Any CPU = Debug|Any CPU
		Release|Any CPU = Release|Any CPU
	EndGlobalSection
	GlobalSection(ProjectConfigurationPlatforms) = postSolution
		{4EDD82E2-6B2A-4C98-B202-0D1300B95068}.Debug|Any CPU.ActiveCfg = Debug|Any CPU
		{4EDD82E2-6B2A-4C98-B202-0D1300B95068}.Debug|Any CPU.Build.0 = Debug|Any CPU
		{4EDD82E2-6B2A-4C98-B202-0D1300B95068}.Release|Any CPU.ActiveCfg = Release|Any CPU
		{4EDD82E2-6B2A-4C98-B202-0D1300B95068}.Release|Any CPU.Build.0 = Release|Any CPU
	EndGlobalSection
	GlobalSection(SolutionProperties) = preSolution
		HideSolutionNode = FALSE
	EndGlobalSection
	GlobalSection(ExtensibilityGlobals) = postSolution
		SolutionGuid = {B1002A84-63F7-4B95-8956-66306FC14A97}
	EndGlobalSection
EndGlobal
