
Microsoft Visual Studio Solution File, Format Version 12.00
# Visual Studio Version 17
VisualStudioVersion = 17.3.32922.545
MinimumVisualStudioVersion = 10.0.40219.1
Project("{FAE04EC0-301F-11D3-BF4B-00C04F79EFBC}") = "rejoj", "rejoj\rejoj.csproj", "{7E4EB982-E363-43F1-9C71-A84397F872D2}"
EndProject
Global
	GlobalSection(SolutionConfigurationPlatforms) = preSolution
		Debug|Any CPU = Debug|Any CPU
		Release|Any CPU = Release|Any CPU
	EndGlobalSection
	GlobalSection(ProjectConfigurationPlatforms) = postSolution
		{7E4EB982-E363-43F1-9C71-A84397F872D2}.Debug|Any CPU.ActiveCfg = Debug|Any CPU
		{7E4EB982-E363-43F1-9C71-A84397F872D2}.Debug|Any CPU.Build.0 = Debug|Any CPU
		{7E4EB982-E363-43F1-9C71-A84397F872D2}.Release|Any CPU.ActiveCfg = Release|Any CPU
		{7E4EB982-E363-43F1-9C71-A84397F872D2}.Release|Any CPU.Build.0 = Release|Any CPU
	EndGlobalSection
	GlobalSection(SolutionProperties) = preSolution
		HideSolutionNode = FALSE
	EndGlobalSection
	GlobalSection(ExtensibilityGlobals) = postSolution
		SolutionGuid = {19B8840E-7177-47D8-9FFC-69F948F36E10}
	EndGlobalSection
EndGlobal
