
Microsoft Visual Studio Solution File, Format Version 12.00
# Visual Studio Version 17
VisualStudioVersion = 17.3.32922.545
MinimumVisualStudioVersion = 10.0.40219.1
Project("{FAE04EC0-301F-11D3-BF4B-00C04F79EFBC}") = "ejercicio1", "ejercicio1\ejercicio1.csproj", "{0715E5E6-B411-4345-8602-BE7BA280AFC5}"
EndProject
Global
	GlobalSection(SolutionConfigurationPlatforms) = preSolution
		Debug|Any CPU = Debug|Any CPU
		Release|Any CPU = Release|Any CPU
	EndGlobalSection
	GlobalSection(ProjectConfigurationPlatforms) = postSolution
		{0715E5E6-B411-4345-8602-BE7BA280AFC5}.Debug|Any CPU.ActiveCfg = Debug|Any CPU
		{0715E5E6-B411-4345-8602-BE7BA280AFC5}.Debug|Any CPU.Build.0 = Debug|Any CPU
		{0715E5E6-B411-4345-8602-BE7BA280AFC5}.Release|Any CPU.ActiveCfg = Release|Any CPU
		{0715E5E6-B411-4345-8602-BE7BA280AFC5}.Release|Any CPU.Build.0 = Release|Any CPU
	EndGlobalSection
	GlobalSection(SolutionProperties) = preSolution
		HideSolutionNode = FALSE
	EndGlobalSection
	GlobalSection(ExtensibilityGlobals) = postSolution
		SolutionGuid = {F5A97235-0B65-4E68-8564-0130FECB888D}
	EndGlobalSection
EndGlobal
