
Microsoft Visual Studio Solution File, Format Version 12.00
# Visual Studio Version 17
VisualStudioVersion = 17.3.32929.385
MinimumVisualStudioVersion = 10.0.40219.1
Project("{FAE04EC0-301F-11D3-BF4B-00C04F79EFBC}") = "ejercicio36", "ejercicio36\ejercicio36.csproj", "{B8EACB4C-C195-4127-9224-1253FA41EA7C}"
EndProject
Global
	GlobalSection(SolutionConfigurationPlatforms) = preSolution
		Debug|Any CPU = Debug|Any CPU
		Release|Any CPU = Release|Any CPU
	EndGlobalSection
	GlobalSection(ProjectConfigurationPlatforms) = postSolution
		{B8EACB4C-C195-4127-9224-1253FA41EA7C}.Debug|Any CPU.ActiveCfg = Debug|Any CPU
		{B8EACB4C-C195-4127-9224-1253FA41EA7C}.Debug|Any CPU.Build.0 = Debug|Any CPU
		{B8EACB4C-C195-4127-9224-1253FA41EA7C}.Release|Any CPU.ActiveCfg = Release|Any CPU
		{B8EACB4C-C195-4127-9224-1253FA41EA7C}.Release|Any CPU.Build.0 = Release|Any CPU
	EndGlobalSection
	GlobalSection(SolutionProperties) = preSolution
		HideSolutionNode = FALSE
	EndGlobalSection
	GlobalSection(ExtensibilityGlobals) = postSolution
		SolutionGuid = {51876D07-D292-462E-8C1B-B5C3A8B528E6}
	EndGlobalSection
EndGlobal
