
Microsoft Visual Studio Solution File, Format Version 12.00
# Visual Studio Version 17
VisualStudioVersion = 17.3.32929.385
MinimumVisualStudioVersion = 10.0.40219.1
Project("{FAE04EC0-301F-11D3-BF4B-00C04F79EFBC}") = "ejercicio26", "ejercicio26\ejercicio26.csproj", "{96807A71-0C22-4014-ACA6-E1D044DD6864}"
EndProject
Global
	GlobalSection(SolutionConfigurationPlatforms) = preSolution
		Debug|Any CPU = Debug|Any CPU
		Release|Any CPU = Release|Any CPU
	EndGlobalSection
	GlobalSection(ProjectConfigurationPlatforms) = postSolution
		{96807A71-0C22-4014-ACA6-E1D044DD6864}.Debug|Any CPU.ActiveCfg = Debug|Any CPU
		{96807A71-0C22-4014-ACA6-E1D044DD6864}.Debug|Any CPU.Build.0 = Debug|Any CPU
		{96807A71-0C22-4014-ACA6-E1D044DD6864}.Release|Any CPU.ActiveCfg = Release|Any CPU
		{96807A71-0C22-4014-ACA6-E1D044DD6864}.Release|Any CPU.Build.0 = Release|Any CPU
	EndGlobalSection
	GlobalSection(SolutionProperties) = preSolution
		HideSolutionNode = FALSE
	EndGlobalSection
	GlobalSection(ExtensibilityGlobals) = postSolution
		SolutionGuid = {5E608C42-AF6A-448E-96FD-29DBE201601F}
	EndGlobalSection
EndGlobal
